Microsoft Visual Studio Solution File, Format Version 12.00
# Visual Studio Version 17
VisualStudioVersion = 17.5.2.0
MinimumVisualStudioVersion = 10.0.40219.1
Project("{FAE04EC0-301F-11D3-BF4B-00C04F79EFBC}") = "AIHelper", "AIHelper.csproj", "{679AE63D-98C7-9BE8-4040-AE95B570CAC2}"
EndProject
Global
	GlobalSection(SolutionConfigurationPlatforms) = preSolution
		Debug|Any CPU = Debug|Any CPU
		Release|Any CPU = Release|Any CPU
	EndGlobalSection
	GlobalSection(ProjectConfigurationPlatforms) = postSolution
		{679AE63D-98C7-9BE8-4040-AE95B570CAC2}.Debug|Any CPU.ActiveCfg = Debug|Any CPU
		{679AE63D-98C7-9BE8-4040-AE95B570CAC2}.Debug|Any CPU.Build.0 = Debug|Any CPU
		{679AE63D-98C7-9BE8-4040-AE95B570CAC2}.Release|Any CPU.ActiveCfg = Release|Any CPU
		{679AE63D-98C7-9BE8-4040-AE95B570CAC2}.Release|Any CPU.Build.0 = Release|Any CPU
	EndGlobalSection
	GlobalSection(SolutionProperties) = preSolution
		HideSolutionNode = FALSE
	EndGlobalSection
	GlobalSection(ExtensibilityGlobals) = postSolution
		SolutionGuid = {C7E1F10D-D73A-453A-9EF2-D0924E7F36CD}
	EndGlobalSection
EndGlobal
